
Microsoft Visual Studio Solution File, Format Version 11.00
# Visual Studio 2010
Project("{FAE04EC0-301F-11D3-BF4B-00C04F79EFBC}") = "1_CreateGqlSchemaFromOntology", "1_CreateGqlSchemaFromOntology\1_CreateGqlSchemaFromOntology.csproj", "{212F93BD-4131-4D30-BDD2-334651067435}"
EndProject
Project("{FAE04EC0-301F-11D3-BF4B-00C04F79EFBC}") = "HelperLib", "HelperLib\HelperLib.csproj", "{1FF62462-17A4-45F4-AA14-9FA31074587D}"
EndProject
Project("{FAE04EC0-301F-11D3-BF4B-00C04F79EFBC}") = "2_ParseAndConvertTripleDataFiles", "2_ParseAndConvertTripleDataFiles\2_ParseAndConvertTripleDataFiles.csproj", "{23557383-92ED-4772-94EA-B39AB85C5D8F}"
EndProject
Project("{FAE04EC0-301F-11D3-BF4B-00C04F79EFBC}") = "3_ConvertDataFilesToXmlBulkImport", "3_ConvertDataFilesToXmlBulkImport\3_ConvertDataFilesToXmlBulkImport.csproj", "{1C0C1DC4-E1EA-45BC-8416-36569EEA963E}"
EndProject
Global
	GlobalSection(SolutionConfigurationPlatforms) = preSolution
		Debug|x86 = Debug|x86
		Release|x86 = Release|x86
	EndGlobalSection
	GlobalSection(ProjectConfigurationPlatforms) = postSolution
		{212F93BD-4131-4D30-BDD2-334651067435}.Debug|x86.ActiveCfg = Debug|x86
		{212F93BD-4131-4D30-BDD2-334651067435}.Debug|x86.Build.0 = Debug|x86
		{212F93BD-4131-4D30-BDD2-334651067435}.Release|x86.ActiveCfg = Release|x86
		{212F93BD-4131-4D30-BDD2-334651067435}.Release|x86.Build.0 = Release|x86
		{1FF62462-17A4-45F4-AA14-9FA31074587D}.Debug|x86.ActiveCfg = Debug|x86
		{1FF62462-17A4-45F4-AA14-9FA31074587D}.Debug|x86.Build.0 = Debug|x86
		{1FF62462-17A4-45F4-AA14-9FA31074587D}.Release|x86.ActiveCfg = Release|x86
		{1FF62462-17A4-45F4-AA14-9FA31074587D}.Release|x86.Build.0 = Release|x86
		{23557383-92ED-4772-94EA-B39AB85C5D8F}.Debug|x86.ActiveCfg = Debug|x86
		{23557383-92ED-4772-94EA-B39AB85C5D8F}.Debug|x86.Build.0 = Debug|x86
		{23557383-92ED-4772-94EA-B39AB85C5D8F}.Release|x86.ActiveCfg = Release|x86
		{23557383-92ED-4772-94EA-B39AB85C5D8F}.Release|x86.Build.0 = Release|x86
		{1C0C1DC4-E1EA-45BC-8416-36569EEA963E}.Debug|x86.ActiveCfg = Debug|x86
		{1C0C1DC4-E1EA-45BC-8416-36569EEA963E}.Debug|x86.Build.0 = Debug|x86
		{1C0C1DC4-E1EA-45BC-8416-36569EEA963E}.Release|x86.ActiveCfg = Release|x86
		{1C0C1DC4-E1EA-45BC-8416-36569EEA963E}.Release|x86.Build.0 = Release|x86
	EndGlobalSection
	GlobalSection(SolutionProperties) = preSolution
		HideSolutionNode = FALSE
	EndGlobalSection
EndGlobal
